// !$*UTF8*$!
{
	archiveVersion = 1;
	classes = {
	};
	objectVersion = 56;
	objects = {

/* Begin PBXBuildFile section */
		6A4A38292C9C7308001FA9A9 /* adntmdbappApp.swift in Sources */ = {isa = PBXBuildFile; fileRef = 6A4A38282C9C7308001FA9A9 /* adntmdbappApp.swift */; };
		6A4A382B2C9C7308001FA9A9 /* ContentView.swift in Sources */ = {isa = PBXBuildFile; fileRef = 6A4A382A2C9C7308001FA9A9 /* ContentView.swift */; };
		6A4A382D2C9C7309001FA9A9 /* Assets.xcassets in Resources */ = {isa = PBXBuildFile; fileRef = 6A4A382C2C9C7309001FA9A9 /* Assets.xcassets */; };
		6A4A38302C9C7309001FA9A9 /* Preview Assets.xcassets in Resources */ = {isa = PBXBuildFile; fileRef = 6A4A382F2C9C7309001FA9A9 /* Preview Assets.xcassets */; };
		6A57BD022C9CD24200EE13AA /* GenreMapping.swift in Sources */ = {isa = PBXBuildFile; fileRef = 6A57BD002C9CD24200EE13AA /* GenreMapping.swift */; };
		6A57BD032C9CD24200EE13AA /* MovieCategory.swift in Sources */ = {isa = PBXBuildFile; fileRef = 6A57BD012C9CD24200EE13AA /* MovieCategory.swift */; };
		6AE98CD12C9C7F2900E96343 /* Movie.swift in Sources */ = {isa = PBXBuildFile; fileRef = 6AE98CCF2C9C7F2900E96343 /* Movie.swift */; };
		6AE98CD22C9C7F2900E96343 /* NetworkManager.swift in Sources */ = {isa = PBXBuildFile; fileRef = 6AE98CD02C9C7F2900E96343 /* NetworkManager.swift */; };
		6AE98CD42C9C81BB00E96343 /* Secrets.plist in Resources */ = {isa = PBXBuildFile; fileRef = 6AE98CD32C9C81BB00E96343 /* Secrets.plist */; };
		6AE98CF02C9C88D200E96343 /* MovieDetailView.swift in Sources */ = {isa = PBXBuildFile; fileRef = 6AE98CEF2C9C88D200E96343 /* MovieDetailView.swift */; };
		6AE98CF22C9C89ED00E96343 /* Constants.swift in Sources */ = {isa = PBXBuildFile; fileRef = 6AE98CF12C9C89ED00E96343 /* Constants.swift */; };
		6AE98CF92C9C8D5700E96343 /* Atlantis in Frameworks */ = {isa = PBXBuildFile; productRef = 6AE98CF82C9C8D5700E96343 /* Atlantis */; };
		6AE98CFE2C9CA04E00E96343 /* FavoriteView.swift in Sources */ = {isa = PBXBuildFile; fileRef = 6AE98CFD2C9CA04E00E96343 /* FavoriteView.swift */; };
		6AE98D002C9CA14100E96343 /* SortView.swift in Sources */ = {isa = PBXBuildFile; fileRef = 6AE98CFF2C9CA14100E96343 /* SortView.swift */; };
		6AE98D052C9CB95600E96343 /* FilterView.swift in Sources */ = {isa = PBXBuildFile; fileRef = 6AE98D032C9CB95600E96343 /* FilterView.swift */; };
		6AE98D062C9CB95600E96343 /* Localizable.strings in Resources */ = {isa = PBXBuildFile; fileRef = 6AE98D042C9CB95600E96343 /* Localizable.strings */; };
		6AE98D0B2C9CC3E600E96343 /* ThemeManager.swift in Sources */ = {isa = PBXBuildFile; fileRef = 6AE98D092C9CC3E600E96343 /* ThemeManager.swift */; };
		6AE98D0C2C9CC3E600E96343 /* ThemeSettingsView.swift in Sources */ = {isa = PBXBuildFile; fileRef = 6AE98D0A2C9CC3E600E96343 /* ThemeSettingsView.swift */; };
		6AE98D0E2C9CC42B00E96343 /* SettingsView.swift in Sources */ = {isa = PBXBuildFile; fileRef = 6AE98D0D2C9CC42B00E96343 /* SettingsView.swift */; };
/* End PBXBuildFile section */

/* Begin PBXFileReference section */
		6A4A38252C9C7308001FA9A9 /* adntmdbapp.app */ = {isa = PBXFileReference; explicitFileType = wrapper.application; includeInIndex = 0; path = adntmdbapp.app; sourceTree = BUILT_PRODUCTS_DIR; };
		6A4A38282C9C7308001FA9A9 /* adntmdbappApp.swift */ = {isa = PBXFileReference; lastKnownFileType = sourcecode.swift; path = adntmdbappApp.swift; sourceTree = "<group>"; };
		6A4A382A2C9C7308001FA9A9 /* ContentView.swift */ = {isa = PBXFileReference; lastKnownFileType = sourcecode.swift; path = ContentView.swift; sourceTree = "<group>"; };
		6A4A382C2C9C7309001FA9A9 /* Assets.xcassets */ = {isa = PBXFileReference; lastKnownFileType = folder.assetcatalog; path = Assets.xcassets; sourceTree = "<group>"; };
		6A4A382F2C9C7309001FA9A9 /* Preview Assets.xcassets */ = {isa = PBXFileReference; lastKnownFileType = folder.assetcatalog; path = "Preview Assets.xcassets"; sourceTree = "<group>"; };
		6A57BD002C9CD24200EE13AA /* GenreMapping.swift */ = {isa = PBXFileReference; fileEncoding = 4; lastKnownFileType = sourcecode.swift; path = GenreMapping.swift; sourceTree = "<group>"; };
		6A57BD012C9CD24200EE13AA /* MovieCategory.swift */ = {isa = PBXFileReference; fileEncoding = 4; lastKnownFileType = sourcecode.swift; path = MovieCategory.swift; sourceTree = "<group>"; };
		6AE98CCF2C9C7F2900E96343 /* Movie.swift */ = {isa = PBXFileReference; fileEncoding = 4; lastKnownFileType = sourcecode.swift; path = Movie.swift; sourceTree = "<group>"; };
		6AE98CD02C9C7F2900E96343 /* NetworkManager.swift */ = {isa = PBXFileReference; fileEncoding = 4; lastKnownFileType = sourcecode.swift; path = NetworkManager.swift; sourceTree = "<group>"; };
		6AE98CD32C9C81BB00E96343 /* Secrets.plist */ = {isa = PBXFileReference; lastKnownFileType = text.plist.xml; path = Secrets.plist; sourceTree = "<group>"; };
		6AE98CEF2C9C88D200E96343 /* MovieDetailView.swift */ = {isa = PBXFileReference; fileEncoding = 4; lastKnownFileType = sourcecode.swift; path = MovieDetailView.swift; sourceTree = "<group>"; };
		6AE98CF12C9C89ED00E96343 /* Constants.swift */ = {isa = PBXFileReference; fileEncoding = 4; lastKnownFileType = sourcecode.swift; path = Constants.swift; sourceTree = "<group>"; };
		6AE98CFA2C9C8D8A00E96343 /* Info.plist */ = {isa = PBXFileReference; lastKnownFileType = text.plist; path = Info.plist; sourceTree = "<group>"; };
		6AE98CFD2C9CA04E00E96343 /* FavoriteView.swift */ = {isa = PBXFileReference; fileEncoding = 4; lastKnownFileType = sourcecode.swift; path = FavoriteView.swift; sourceTree = "<group>"; };
		6AE98CFF2C9CA14100E96343 /* SortView.swift */ = {isa = PBXFileReference; fileEncoding = 4; lastKnownFileType = sourcecode.swift; path = SortView.swift; sourceTree = "<group>"; };
		6AE98D032C9CB95600E96343 /* FilterView.swift */ = {isa = PBXFileReference; fileEncoding = 4; lastKnownFileType = sourcecode.swift; path = FilterView.swift; sourceTree = "<group>"; };
		6AE98D042C9CB95600E96343 /* Localizable.strings */ = {isa = PBXFileReference; fileEncoding = 4; lastKnownFileType = text.plist.strings; path = Localizable.strings; sourceTree = "<group>"; };
		6AE98D092C9CC3E600E96343 /* ThemeManager.swift */ = {isa = PBXFileReference; fileEncoding = 4; lastKnownFileType = sourcecode.swift; path = ThemeManager.swift; sourceTree = "<group>"; };
		6AE98D0A2C9CC3E600E96343 /* ThemeSettingsView.swift */ = {isa = PBXFileReference; fileEncoding = 4; lastKnownFileType = sourcecode.swift; path = ThemeSettingsView.swift; sourceTree = "<group>"; };
		6AE98D0D2C9CC42B00E96343 /* SettingsView.swift */ = {isa = PBXFileReference; fileEncoding = 4; lastKnownFileType = sourcecode.swift; path = SettingsView.swift; sourceTree = "<group>"; };
/* End PBXFileReference section */

/* Begin PBXFrameworksBuildPhase section */
		6A4A38222C9C7308001FA9A9 /* Frameworks */ = {
			isa = PBXFrameworksBuildPhase;
			buildActionMask = 2147483647;
			files = (
				6AE98CF92C9C8D5700E96343 /* Atlantis in Frameworks */,
			);
			runOnlyForDeploymentPostprocessing = 0;
		};
/* End PBXFrameworksBuildPhase section */

/* Begin PBXGroup section */
		6A4A381C2C9C7308001FA9A9 = {
			isa = PBXGroup;
			children = (
				6AE98CD32C9C81BB00E96343 /* Secrets.plist */,
				6A4A38272C9C7308001FA9A9 /* adntmdbapp */,
				6A4A38262C9C7308001FA9A9 /* Products */,
			);
			sourceTree = "<group>";
		};
		6A4A38262C9C7308001FA9A9 /* Products */ = {
			isa = PBXGroup;
			children = (
				6A4A38252C9C7308001FA9A9 /* adntmdbapp.app */,
			);
			name = Products;
			sourceTree = "<group>";
		};
		6A4A38272C9C7308001FA9A9 /* adntmdbapp */ = {
			isa = PBXGroup;
			children = (
				6A57BD002C9CD24200EE13AA /* GenreMapping.swift */,
				6A57BD012C9CD24200EE13AA /* MovieCategory.swift */,
				6AE98D0D2C9CC42B00E96343 /* SettingsView.swift */,
				6AE98D092C9CC3E600E96343 /* ThemeManager.swift */,
				6AE98D0A2C9CC3E600E96343 /* ThemeSettingsView.swift */,
				6AE98D032C9CB95600E96343 /* FilterView.swift */,
				6AE98D042C9CB95600E96343 /* Localizable.strings */,
				6AE98CFF2C9CA14100E96343 /* SortView.swift */,
				6AE98CFD2C9CA04E00E96343 /* FavoriteView.swift */,
				6AE98CFA2C9C8D8A00E96343 /* Info.plist */,
				6AE98CF12C9C89ED00E96343 /* Constants.swift */,
				6AE98CEF2C9C88D200E96343 /* MovieDetailView.swift */,
				6AE98CCF2C9C7F2900E96343 /* Movie.swift */,
				6AE98CD02C9C7F2900E96343 /* NetworkManager.swift */,
				6A4A38282C9C7308001FA9A9 /* adntmdbappApp.swift */,
				6A4A382A2C9C7308001FA9A9 /* ContentView.swift */,
				6A4A382C2C9C7309001FA9A9 /* Assets.xcassets */,
				6A4A382E2C9C7309001FA9A9 /* Preview Content */,
			);
			path = adntmdbapp;
			sourceTree = "<group>";
		};
		6A4A382E2C9C7309001FA9A9 /* Preview Content */ = {
			isa = PBXGroup;
			children = (
				6A4A382F2C9C7309001FA9A9 /* Preview Assets.xcassets */,
			);
			path = "Preview Content";
			sourceTree = "<group>";
		};
/* End PBXGroup section */

/* Begin PBXNativeTarget section */
		6A4A38242C9C7308001FA9A9 /* adntmdbapp */ = {
			isa = PBXNativeTarget;
			buildConfigurationList = 6A4A38332C9C7309001FA9A9 /* Build configuration list for PBXNativeTarget "adntmdbapp" */;
			buildPhases = (
				6A4A38212C9C7308001FA9A9 /* Sources */,
				6A4A38222C9C7308001FA9A9 /* Frameworks */,
				6A4A38232C9C7308001FA9A9 /* Resources */,
			);
			buildRules = (
			);
			dependencies = (
			);
			name = adntmdbapp;
			packageProductDependencies = (
				6AE98CF82C9C8D5700E96343 /* Atlantis */,
			);
			productName = adntmdbapp;
			productReference = 6A4A38252C9C7308001FA9A9 /* adntmdbapp.app */;
			productType = "com.apple.product-type.application";
		};
/* End PBXNativeTarget section */

/* Begin PBXProject section */
		6A4A381D2C9C7308001FA9A9 /* Project object */ = {
			isa = PBXProject;
			attributes = {
				BuildIndependentTargetsInParallel = 1;
				LastSwiftUpdateCheck = 1530;
				LastUpgradeCheck = 1530;
				TargetAttributes = {
					6A4A38242C9C7308001FA9A9 = {
						CreatedOnToolsVersion = 15.3;
					};
				};
			};
			buildConfigurationList = 6A4A38202C9C7308001FA9A9 /* Build configuration list for PBXProject "adntmdbapp" */;
			compatibilityVersion = "Xcode 14.0";
			developmentRegion = en;
			hasScannedForEncodings = 0;
			knownRegions = (
				en,
				Base,
			);
			mainGroup = 6A4A381C2C9C7308001FA9A9;
			packageReferences = (
				6AE98CF72C9C8D5700E96343 /* XCRemoteSwiftPackageReference "atlantis" */,
			);
			productRefGroup = 6A4A38262C9C7308001FA9A9 /* Products */;
			projectDirPath = "";
			projectRoot = "";
			targets = (
				6A4A38242C9C7308001FA9A9 /* adntmdbapp */,
			);
		};
/* End PBXProject section */

/* Begin PBXResourcesBuildPhase section */
		6A4A38232C9C7308001FA9A9 /* Resources */ = {
			isa = PBXResourcesBuildPhase;
			buildActionMask = 2147483647;
			files = (
				6A4A38302C9C7309001FA9A9 /* Preview Assets.xcassets in Resources */,
				6AE98D062C9CB95600E96343 /* Localizable.strings in Resources */,
				6AE98CD42C9C81BB00E96343 /* Secrets.plist in Resources */,
				6A4A382D2C9C7309001FA9A9 /* Assets.xcassets in Resources */,
			);
			runOnlyForDeploymentPostprocessing = 0;
		};
/* End PBXResourcesBuildPhase section */

/* Begin PBXSourcesBuildPhase section */
		6A4A38212C9C7308001FA9A9 /* Sources */ = {
			isa = PBXSourcesBuildPhase;
			buildActionMask = 2147483647;
			files = (
				6AE98CF02C9C88D200E96343 /* MovieDetailView.swift in Sources */,
				6AE98D0C2C9CC3E600E96343 /* ThemeSettingsView.swift in Sources */,
				6AE98CD22C9C7F2900E96343 /* NetworkManager.swift in Sources */,
				6AE98CFE2C9CA04E00E96343 /* FavoriteView.swift in Sources */,
				6A57BD022C9CD24200EE13AA /* GenreMapping.swift in Sources */,
				6A4A382B2C9C7308001FA9A9 /* ContentView.swift in Sources */,
				6AE98D052C9CB95600E96343 /* FilterView.swift in Sources */,
				6AE98D002C9CA14100E96343 /* SortView.swift in Sources */,
				6A57BD032C9CD24200EE13AA /* MovieCategory.swift in Sources */,
				6A4A38292C9C7308001FA9A9 /* adntmdbappApp.swift in Sources */,
				6AE98D0B2C9CC3E600E96343 /* ThemeManager.swift in Sources */,
				6AE98D0E2C9CC42B00E96343 /* SettingsView.swift in Sources */,
				6AE98CD12C9C7F2900E96343 /* Movie.swift in Sources */,
				6AE98CF22C9C89ED00E96343 /* Constants.swift in Sources */,
			);
			runOnlyForDeploymentPostprocessing = 0;
		};
/* End PBXSourcesBuildPhase section */

/* Begin XCBuildConfiguration section */
		6A4A38312C9C7309001FA9A9 /* Debug */ = {
			isa = XCBuildConfiguration;
			buildSettings = {
				ALWAYS_SEARCH_USER_PATHS = NO;
				ASSETCATALOG_COMPILER_GENERATE_SWIFT_ASSET_SYMBOL_EXTENSIONS = YES;
				CLANG_ANALYZER_NONNULL = YES;
				CLANG_ANALYZER_NUMBER_OBJECT_CONVERSION = YES_AGGRESSIVE;
				CLANG_CXX_LANGUAGE_STANDARD = "gnu++20";
				CLANG_ENABLE_MODULES = YES;
				CLANG_ENABLE_OBJC_ARC = YES;
				CLANG_ENABLE_OBJC_WEAK = YES;
				CLANG_WARN_BLOCK_CAPTURE_AUTORELEASING = YES;
				CLANG_WARN_BOOL_CONVERSION = YES;
				CLANG_WARN_COMMA = YES;
				CLANG_WARN_CONSTANT_CONVERSION = YES;
				CLANG_WARN_DEPRECATED_OBJC_IMPLEMENTATIONS = YES;
				CLANG_WARN_DIRECT_OBJC_ISA_USAGE = YES_ERROR;
				CLANG_WARN_DOCUMENTATION_COMMENTS = YES;
				CLANG_WARN_EMPTY_BODY = YES;
				CLANG_WARN_ENUM_CONVERSION = YES;
				CLANG_WARN_INFINITE_RECURSION = YES;
				CLANG_WARN_INT_CONVERSION = YES;
				CLANG_WARN_NON_LITERAL_NULL_CONVERSION = YES;
				CLANG_WARN_OBJC_IMPLICIT_RETAIN_SELF = YES;
				CLANG_WARN_OBJC_LITERAL_CONVERSION = YES;
				CLANG_WARN_OBJC_ROOT_CLASS = YES_ERROR;
				CLANG_WARN_QUOTED_INCLUDE_IN_FRAMEWORK_HEADER = YES;
				CLANG_WARN_RANGE_LOOP_ANALYSIS = YES;
				CLANG_WARN_STRICT_PROTOTYPES = YES;
				CLANG_WARN_SUSPICIOUS_MOVE = YES;
				CLANG_WARN_UNGUARDED_AVAILABILITY = YES_AGGRESSIVE;
				CLANG_WARN_UNREACHABLE_CODE = YES;
				CLANG_WARN__DUPLICATE_METHOD_MATCH = YES;
				COPY_PHASE_STRIP = NO;
				DEBUG_INFORMATION_FORMAT = dwarf;
				ENABLE_STRICT_OBJC_MSGSEND = YES;
				ENABLE_TESTABILITY = YES;
				ENABLE_USER_SCRIPT_SANDBOXING = YES;
				GCC_C_LANGUAGE_STANDARD = gnu17;
				GCC_DYNAMIC_NO_PIC = NO;
				GCC_NO_COMMON_BLOCKS = YES;
				GCC_OPTIMIZATION_LEVEL = 0;
				GCC_PREPROCESSOR_DEFINITIONS = (
					"DEBUG=1",
					"$(inherited)",
				);
				GCC_WARN_64_TO_32_BIT_CONVERSION = YES;
				GCC_WARN_ABOUT_RETURN_TYPE = YES_ERROR;
				GCC_WARN_UNDECLARED_SELECTOR = YES;
				GCC_WARN_UNINITIALIZED_AUTOS = YES_AGGRESSIVE;
				GCC_WARN_UNUSED_FUNCTION = YES;
				GCC_WARN_UNUSED_VARIABLE = YES;
				IPHONEOS_DEPLOYMENT_TARGET = 17.4;
				LOCALIZATION_PREFERS_STRING_CATALOGS = YES;
				MTL_ENABLE_DEBUG_INFO = INCLUDE_SOURCE;
				MTL_FAST_MATH = YES;
				ONLY_ACTIVE_ARCH = YES;
				SDKROOT = iphoneos;
				SWIFT_ACTIVE_COMPILATION_CONDITIONS = "DEBUG $(inherited)";
				SWIFT_OPTIMIZATION_LEVEL = "-Onone";
			};
			name = Debug;
		};
		6A4A38322C9C7309001FA9A9 /* Release */ = {
			isa = XCBuildConfiguration;
			buildSettings = {
				ALWAYS_SEARCH_USER_PATHS = NO;
				ASSETCATALOG_COMPILER_GENERATE_SWIFT_ASSET_SYMBOL_EXTENSIONS = YES;
				CLANG_ANALYZER_NONNULL = YES;
				CLANG_ANALYZER_NUMBER_OBJECT_CONVERSION = YES_AGGRESSIVE;
				CLANG_CXX_LANGUAGE_STANDARD = "gnu++20";
				CLANG_ENABLE_MODULES = YES;
				CLANG_ENABLE_OBJC_ARC = YES;
				CLANG_ENABLE_OBJC_WEAK = YES;
				CLANG_WARN_BLOCK_CAPTURE_AUTORELEASING = YES;
				CLANG_WARN_BOOL_CONVERSION = YES;
				CLANG_WARN_COMMA = YES;
				CLANG_WARN_CONSTANT_CONVERSION = YES;
				CLANG_WARN_DEPRECATED_OBJC_IMPLEMENTATIONS = YES;
				CLANG_WARN_DIRECT_OBJC_ISA_USAGE = YES_ERROR;
				CLANG_WARN_DOCUMENTATION_COMMENTS = YES;
				CLANG_WARN_EMPTY_BODY = YES;
				CLANG_WARN_ENUM_CONVERSION = YES;
				CLANG_WARN_INFINITE_RECURSION = YES;
				CLANG_WARN_INT_CONVERSION = YES;
				CLANG_WARN_NON_LITERAL_NULL_CONVERSION = YES;
				CLANG_WARN_OBJC_IMPLICIT_RETAIN_SELF = YES;
				CLANG_WARN_OBJC_LITERAL_CONVERSION = YES;
				CLANG_WARN_OBJC_ROOT_CLASS = YES_ERROR;
				CLANG_WARN_QUOTED_INCLUDE_IN_FRAMEWORK_HEADER = YES;
				CLANG_WARN_RANGE_LOOP_ANALYSIS = YES;
				CLANG_WARN_STRICT_PROTOTYPES = YES;
				CLANG_WARN_SUSPICIOUS_MOVE = YES;
				CLANG_WARN_UNGUARDED_AVAILABILITY = YES_AGGRESSIVE;
				CLANG_WARN_UNREACHABLE_CODE = YES;
				CLANG_WARN__DUPLICATE_METHOD_MATCH = YES;
				COPY_PHASE_STRIP = NO;
				DEBUG_INFORMATION_FORMAT = "dwarf-with-dsym";
				ENABLE_NS_ASSERTIONS = NO;
				ENABLE_STRICT_OBJC_MSGSEND = YES;
				ENABLE_USER_SCRIPT_SANDBOXING = YES;
				GCC_C_LANGUAGE_STANDARD = gnu17;
				GCC_NO_COMMON_BLOCKS = YES;
				GCC_WARN_64_TO_32_BIT_CONVERSION = YES;
				GCC_WARN_ABOUT_RETURN_TYPE = YES_ERROR;
				GCC_WARN_UNDECLARED_SELECTOR = YES;
				GCC_WARN_UNINITIALIZED_AUTOS = YES_AGGRESSIVE;
				GCC_WARN_UNUSED_FUNCTION = YES;
				GCC_WARN_UNUSED_VARIABLE = YES;
				IPHONEOS_DEPLOYMENT_TARGET = 17.4;
				LOCALIZATION_PREFERS_STRING_CATALOGS = YES;
				MTL_ENABLE_DEBUG_INFO = NO;
				MTL_FAST_MATH = YES;
				SDKROOT = iphoneos;
				SWIFT_COMPILATION_MODE = wholemodule;
				VALIDATE_PRODUCT = YES;
			};
			name = Release;
		};
		6A4A38342C9C7309001FA9A9 /* Debug */ = {
			isa = XCBuildConfiguration;
			buildSettings = {
				ASSETCATALOG_COMPILER_APPICON_NAME = AppIcon;
				ASSETCATALOG_COMPILER_GLOBAL_ACCENT_COLOR_NAME = AccentColor;
				CODE_SIGN_STYLE = Automatic;
				CURRENT_PROJECT_VERSION = 1;
				DEVELOPMENT_ASSET_PATHS = "\"adntmdbapp/Preview Content\"";
				DEVELOPMENT_TEAM = MDNUUAHTT6;
				ENABLE_PREVIEWS = YES;
				GENERATE_INFOPLIST_FILE = YES;
				INFOPLIST_FILE = adntmdbapp/Info.plist;
				INFOPLIST_KEY_NSLocalNetworkUsageDescription = "Atlantis uses Bonjour Service to send your recorded traffic to Proxyman app.";
				INFOPLIST_KEY_UIApplicationSceneManifest_Generation = YES;
				INFOPLIST_KEY_UIApplicationSupportsIndirectInputEvents = YES;
				INFOPLIST_KEY_UILaunchScreen_Generation = YES;
				INFOPLIST_KEY_UISupportedInterfaceOrientations_iPad = "UIInterfaceOrientationPortrait UIInterfaceOrientationPortraitUpsideDown UIInterfaceOrientationLandscapeLeft UIInterfaceOrientationLandscapeRight";
				INFOPLIST_KEY_UISupportedInterfaceOrientations_iPhone = "UIInterfaceOrientationPortrait UIInterfaceOrientationLandscapeLeft UIInterfaceOrientationLandscapeRight";
				LD_RUNPATH_SEARCH_PATHS = (
					"$(inherited)",
					"@executable_path/Frameworks",
				);
				MARKETING_VERSION = 1.0;
				PRODUCT_BUNDLE_IDENTIFIER = example.adntmdbapp;
				PRODUCT_NAME = "$(TARGET_NAME)";
				SWIFT_EMIT_LOC_STRINGS = YES;
				SWIFT_VERSION = 5.0;
				TARGETED_DEVICE_FAMILY = "1,2";
			};
			name = Debug;
		};
		6A4A38352C9C7309001FA9A9 /* Release */ = {
			isa = XCBuildConfiguration;
			buildSettings = {
				ASSETCATALOG_COMPILER_APPICON_NAME = AppIcon;
				ASSETCATALOG_COMPILER_GLOBAL_ACCENT_COLOR_NAME = AccentColor;
				CODE_SIGN_STYLE = Automatic;
				CURRENT_PROJECT_VERSION = 1;
				DEVELOPMENT_ASSET_PATHS = "\"adntmdbapp/Preview Content\"";
				DEVELOPMENT_TEAM = MDNUUAHTT6;
				ENABLE_PREVIEWS = YES;
				GENERATE_INFOPLIST_FILE = YES;
				INFOPLIST_FILE = adntmdbapp/Info.plist;
				INFOPLIST_KEY_NSLocalNetworkUsageDescription = "Atlantis uses Bonjour Service to send your recorded traffic to Proxyman app.";
				INFOPLIST_KEY_UIApplicationSceneManifest_Generation = YES;
				INFOPLIST_KEY_UIApplicationSupportsIndirectInputEvents = YES;
				INFOPLIST_KEY_UILaunchScreen_Generation = YES;
				INFOPLIST_KEY_UISupportedInterfaceOrientations_iPad = "UIInterfaceOrientationPortrait UIInterfaceOrientationPortraitUpsideDown UIInterfaceOrientationLandscapeLeft UIInterfaceOrientationLandscapeRight";
				INFOPLIST_KEY_UISupportedInterfaceOrientations_iPhone = "UIInterfaceOrientationPortrait UIInterfaceOrientationLandscapeLeft UIInterfaceOrientationLandscapeRight";
				LD_RUNPATH_SEARCH_PATHS = (
					"$(inherited)",
					"@executable_path/Frameworks",
				);
				MARKETING_VERSION = 1.0;
				PRODUCT_BUNDLE_IDENTIFIER = example.adntmdbapp;
				PRODUCT_NAME = "$(TARGET_NAME)";
				SWIFT_EMIT_LOC_STRINGS = YES;
				SWIFT_VERSION = 5.0;
				TARGETED_DEVICE_FAMILY = "1,2";
			};
			name = Release;
		};
/* End XCBuildConfiguration section */

/* Begin XCConfigurationList section */
		6A4A38202C9C7308001FA9A9 /* Build configuration list for PBXProject "adntmdbapp" */ = {
			isa = XCConfigurationList;
			buildConfigurations = (
				6A4A38312C9C7309001FA9A9 /* Debug */,
				6A4A38322C9C7309001FA9A9 /* Release */,
			);
			defaultConfigurationIsVisible = 0;
			defaultConfigurationName = Release;
		};
		6A4A38332C9C7309001FA9A9 /* Build configuration list for PBXNativeTarget "adntmdbapp" */ = {
			isa = XCConfigurationList;
			buildConfigurations = (
				6A4A38342C9C7309001FA9A9 /* Debug */,
				6A4A38352C9C7309001FA9A9 /* Release */,
			);
			defaultConfigurationIsVisible = 0;
			defaultConfigurationName = Release;
		};
/* End XCConfigurationList section */

/* Begin XCRemoteSwiftPackageReference section */
		6AE98CF72C9C8D5700E96343 /* XCRemoteSwiftPackageReference "atlantis" */ = {
			isa = XCRemoteSwiftPackageReference;
			repositoryURL = "https://github.com/ProxymanApp/atlantis";
			requirement = {
				kind = upToNextMajorVersion;
				minimumVersion = 1.25.1;
			};
		};
/* End XCRemoteSwiftPackageReference section */

/* Begin XCSwiftPackageProductDependency section */
		6AE98CF82C9C8D5700E96343 /* Atlantis */ = {
			isa = XCSwiftPackageProductDependency;
			package = 6AE98CF72C9C8D5700E96343 /* XCRemoteSwiftPackageReference "atlantis" */;
			productName = Atlantis;
		};
/* End XCSwiftPackageProductDependency section */
	};
	rootObject = 6A4A381D2C9C7308001FA9A9 /* Project object */;
}
